
Microsoft Visual Studio Solution File, Format Version 12.00
# Visual Studio 15
VisualStudioVersion = 15.0.27703.2026
MinimumVisualStudioVersion = 10.0.40219.1
Project("{FAE04EC0-301F-11D3-BF4B-00C04F79EFBC}") = "Roy_Calculator", "Roy_Calculator\Roy_Calculator.csproj", "{544B14A4-1014-4220-9ED1-9A520D086AB2}"
EndProject
Global
	GlobalSection(SolutionConfigurationPlatforms) = preSolution
		Debug|Any CPU = Debug|Any CPU
		Release|Any CPU = Release|Any CPU
	EndGlobalSection
	GlobalSection(ProjectConfigurationPlatforms) = postSolution
		{544B14A4-1014-4220-9ED1-9A520D086AB2}.Debug|Any CPU.ActiveCfg = Debug|Any CPU
		{544B14A4-1014-4220-9ED1-9A520D086AB2}.Debug|Any CPU.Build.0 = Debug|Any CPU
		{544B14A4-1014-4220-9ED1-9A520D086AB2}.Release|Any CPU.ActiveCfg = Release|Any CPU
		{544B14A4-1014-4220-9ED1-9A520D086AB2}.Release|Any CPU.Build.0 = Release|Any CPU
	EndGlobalSection
	GlobalSection(SolutionProperties) = preSolution
		HideSolutionNode = FALSE
	EndGlobalSection
	GlobalSection(ExtensibilityGlobals) = postSolution
		SolutionGuid = {F04F7CC4-829F-40A5-8730-FD48428550F7}
	EndGlobalSection
EndGlobal
